
Microsoft Visual Studio Solution File, Format Version 12.00
# Visual Studio Version 17
VisualStudioVersion = 17.3.32929.385
MinimumVisualStudioVersion = 10.0.40219.1
Project("{FAE04EC0-301F-11D3-BF4B-00C04F79EFBC}") = "TicariOtomasyon", "TicariOtomasyon\TicariOtomasyon.csproj", "{60DD9A4A-5D08-4FE9-B010-B9BD5C1262A8}"
EndProject
Global
	GlobalSection(SolutionConfigurationPlatforms) = preSolution
		Debug|Any CPU = Debug|Any CPU
		Release|Any CPU = Release|Any CPU
	EndGlobalSection
	GlobalSection(ProjectConfigurationPlatforms) = postSolution
		{60DD9A4A-5D08-4FE9-B010-B9BD5C1262A8}.Debug|Any CPU.ActiveCfg = Debug|Any CPU
		{60DD9A4A-5D08-4FE9-B010-B9BD5C1262A8}.Debug|Any CPU.Build.0 = Debug|Any CPU
		{60DD9A4A-5D08-4FE9-B010-B9BD5C1262A8}.Release|Any CPU.ActiveCfg = Release|Any CPU
		{60DD9A4A-5D08-4FE9-B010-B9BD5C1262A8}.Release|Any CPU.Build.0 = Release|Any CPU
	EndGlobalSection
	GlobalSection(SolutionProperties) = preSolution
		HideSolutionNode = FALSE
	EndGlobalSection
	GlobalSection(ExtensibilityGlobals) = postSolution
		SolutionGuid = {33114B26-C8D7-40D1-94FC-800F8CF4ACBF}
	EndGlobalSection
EndGlobal
